
Microsoft Visual Studio Solution File, Format Version 12.00
# Visual Studio Version 16
VisualStudioVersion = 16.0.31205.134
MinimumVisualStudioVersion = 10.0.40219.1
Project("{9A19103F-16F7-4668-BE54-9A1E7A4F7556}") = "Core", "Core\Core.csproj", "{6FF7BA3B-FCDD-462B-ABD1-5ACB65FD7AA9}"
EndProject
Project("{9A19103F-16F7-4668-BE54-9A1E7A4F7556}") = "WebApi", "WebApi\WebApi.csproj", "{C30B4918-CE04-4C23-A23D-2DF86989E8D2}"
EndProject
Project("{9A19103F-16F7-4668-BE54-9A1E7A4F7556}") = "Service", "Service\Service.csproj", "{BA37C700-1D1A-48D7-AD2D-7F412659637D}"
EndProject
Project("{FAE04EC0-301F-11D3-BF4B-00C04F79EFBC}") = "DataStore.EF", "DataStore.EF\DataStore.EF.csproj", "{5FEB87F3-274C-4380-8E2C-FCD51568CDF6}"
EndProject
Global
	GlobalSection(SolutionConfigurationPlatforms) = preSolution
		Debug|Any CPU = Debug|Any CPU
		Release|Any CPU = Release|Any CPU
	EndGlobalSection
	GlobalSection(ProjectConfigurationPlatforms) = postSolution
		{6FF7BA3B-FCDD-462B-ABD1-5ACB65FD7AA9}.Debug|Any CPU.ActiveCfg = Debug|Any CPU
		{6FF7BA3B-FCDD-462B-ABD1-5ACB65FD7AA9}.Debug|Any CPU.Build.0 = Debug|Any CPU
		{6FF7BA3B-FCDD-462B-ABD1-5ACB65FD7AA9}.Release|Any CPU.ActiveCfg = Release|Any CPU
		{6FF7BA3B-FCDD-462B-ABD1-5ACB65FD7AA9}.Release|Any CPU.Build.0 = Release|Any CPU
		{C30B4918-CE04-4C23-A23D-2DF86989E8D2}.Debug|Any CPU.ActiveCfg = Debug|Any CPU
		{C30B4918-CE04-4C23-A23D-2DF86989E8D2}.Debug|Any CPU.Build.0 = Debug|Any CPU
		{C30B4918-CE04-4C23-A23D-2DF86989E8D2}.Release|Any CPU.ActiveCfg = Release|Any CPU
		{C30B4918-CE04-4C23-A23D-2DF86989E8D2}.Release|Any CPU.Build.0 = Release|Any CPU
		{BA37C700-1D1A-48D7-AD2D-7F412659637D}.Debug|Any CPU.ActiveCfg = Debug|Any CPU
		{BA37C700-1D1A-48D7-AD2D-7F412659637D}.Debug|Any CPU.Build.0 = Debug|Any CPU
		{BA37C700-1D1A-48D7-AD2D-7F412659637D}.Release|Any CPU.ActiveCfg = Release|Any CPU
		{BA37C700-1D1A-48D7-AD2D-7F412659637D}.Release|Any CPU.Build.0 = Release|Any CPU
		{5FEB87F3-274C-4380-8E2C-FCD51568CDF6}.Debug|Any CPU.ActiveCfg = Debug|Any CPU
		{5FEB87F3-274C-4380-8E2C-FCD51568CDF6}.Debug|Any CPU.Build.0 = Debug|Any CPU
		{5FEB87F3-274C-4380-8E2C-FCD51568CDF6}.Release|Any CPU.ActiveCfg = Release|Any CPU
		{5FEB87F3-274C-4380-8E2C-FCD51568CDF6}.Release|Any CPU.Build.0 = Release|Any CPU
	EndGlobalSection
	GlobalSection(SolutionProperties) = preSolution
		HideSolutionNode = FALSE
	EndGlobalSection
	GlobalSection(ExtensibilityGlobals) = postSolution
		SolutionGuid = {7DEB600C-A40A-4504-A214-6553348970CC}
	EndGlobalSection
EndGlobal
